
Microsoft Visual Studio Solution File, Format Version 12.00
# Visual Studio Version 17
VisualStudioVersion = 17.8.34316.72
MinimumVisualStudioVersion = 10.0.40219.1
Project("{8BC9CEB8-8B4A-11D0-8D11-00A0C91BC942}") = "MachineApp", "MachineApp\MachineApp.vcxproj", "{355373CA-12A7-44E0-A8B6-02CD3A9668CF}"
EndProject
Global
	GlobalSection(SolutionConfigurationPlatforms) = preSolution
		Debug|Any CPU = Debug|Any CPU
		Debug|x64 = Debug|x64
		Debug|x86 = Debug|x86
		OFFLINE_MODE|Any CPU = OFFLINE_MODE|Any CPU
		OFFLINE_MODE|x64 = OFFLINE_MODE|x64
		OFFLINE_MODE|x86 = OFFLINE_MODE|x86
		OFFLINE|Any CPU = OFFLINE|Any CPU
		OFFLINE|x64 = OFFLINE|x64
		OFFLINE|x86 = OFFLINE|x86
		OFFLINEMODE|Any CPU = OFFLINEMODE|Any CPU
		OFFLINEMODE|x64 = OFFLINEMODE|x64
		OFFLINEMODE|x86 = OFFLINEMODE|x86
		Release|Any CPU = Release|Any CPU
		Release|x64 = Release|x64
		Release|x86 = Release|x86
	EndGlobalSection
	GlobalSection(ProjectConfigurationPlatforms) = postSolution
		{355373CA-12A7-44E0-A8B6-02CD3A9668CF}.Debug|Any CPU.ActiveCfg = Debug|x64
		{355373CA-12A7-44E0-A8B6-02CD3A9668CF}.Debug|Any CPU.Build.0 = Debug|x64
		{355373CA-12A7-44E0-A8B6-02CD3A9668CF}.Debug|x64.ActiveCfg = Debug|x64
		{355373CA-12A7-44E0-A8B6-02CD3A9668CF}.Debug|x64.Build.0 = Debug|x64
		{355373CA-12A7-44E0-A8B6-02CD3A9668CF}.Debug|x86.ActiveCfg = Debug|Win32
		{355373CA-12A7-44E0-A8B6-02CD3A9668CF}.Debug|x86.Build.0 = Debug|Win32
		{355373CA-12A7-44E0-A8B6-02CD3A9668CF}.OFFLINE_MODE|Any CPU.ActiveCfg = Release|x64
		{355373CA-12A7-44E0-A8B6-02CD3A9668CF}.OFFLINE_MODE|Any CPU.Build.0 = Release|x64
		{355373CA-12A7-44E0-A8B6-02CD3A9668CF}.OFFLINE_MODE|x64.ActiveCfg = Release|x64
		{355373CA-12A7-44E0-A8B6-02CD3A9668CF}.OFFLINE_MODE|x64.Build.0 = Release|x64
		{355373CA-12A7-44E0-A8B6-02CD3A9668CF}.OFFLINE_MODE|x86.ActiveCfg = Release|Win32
		{355373CA-12A7-44E0-A8B6-02CD3A9668CF}.OFFLINE_MODE|x86.Build.0 = Release|Win32
		{355373CA-12A7-44E0-A8B6-02CD3A9668CF}.OFFLINE|Any CPU.ActiveCfg = Release|x64
		{355373CA-12A7-44E0-A8B6-02CD3A9668CF}.OFFLINE|Any CPU.Build.0 = Release|x64
		{355373CA-12A7-44E0-A8B6-02CD3A9668CF}.OFFLINE|x64.ActiveCfg = Release|x64
		{355373CA-12A7-44E0-A8B6-02CD3A9668CF}.OFFLINE|x64.Build.0 = Release|x64
		{355373CA-12A7-44E0-A8B6-02CD3A9668CF}.OFFLINE|x86.ActiveCfg = Release|Win32
		{355373CA-12A7-44E0-A8B6-02CD3A9668CF}.OFFLINE|x86.Build.0 = Release|Win32
		{355373CA-12A7-44E0-A8B6-02CD3A9668CF}.OFFLINEMODE|Any CPU.ActiveCfg = Release|x64
		{355373CA-12A7-44E0-A8B6-02CD3A9668CF}.OFFLINEMODE|Any CPU.Build.0 = Release|x64
		{355373CA-12A7-44E0-A8B6-02CD3A9668CF}.OFFLINEMODE|x64.ActiveCfg = Release|x64
		{355373CA-12A7-44E0-A8B6-02CD3A9668CF}.OFFLINEMODE|x64.Build.0 = Release|x64
		{355373CA-12A7-44E0-A8B6-02CD3A9668CF}.OFFLINEMODE|x86.ActiveCfg = Release|Win32
		{355373CA-12A7-44E0-A8B6-02CD3A9668CF}.OFFLINEMODE|x86.Build.0 = Release|Win32
		{355373CA-12A7-44E0-A8B6-02CD3A9668CF}.Release|Any CPU.ActiveCfg = Release|x64
		{355373CA-12A7-44E0-A8B6-02CD3A9668CF}.Release|Any CPU.Build.0 = Release|x64
		{355373CA-12A7-44E0-A8B6-02CD3A9668CF}.Release|x64.ActiveCfg = Release|x64
		{355373CA-12A7-44E0-A8B6-02CD3A9668CF}.Release|x64.Build.0 = Release|x64
		{355373CA-12A7-44E0-A8B6-02CD3A9668CF}.Release|x86.ActiveCfg = Release|Win32
		{355373CA-12A7-44E0-A8B6-02CD3A9668CF}.Release|x86.Build.0 = Release|Win32
	EndGlobalSection
	GlobalSection(SolutionProperties) = preSolution
		HideSolutionNode = FALSE
	EndGlobalSection
	GlobalSection(ExtensibilityGlobals) = postSolution
		SolutionGuid = {E2C2210D-FF78-4B49-836A-365A96228177}
	EndGlobalSection
EndGlobal
